
Microsoft Visual Studio Solution File, Format Version 12.00
# Visual Studio 15
VisualStudioVersion = 15.0.28307.168
MinimumVisualStudioVersion = 10.0.40219.1
Project("{FAE04EC0-301F-11D3-BF4B-00C04F79EFBC}") = "folderSyncDemo", "folderSyncDemo\folderSyncDemo.csproj", "{86FD9F35-3AED-45DB-A1CE-7E774F9EF9FD}"
EndProject
Global
	GlobalSection(SolutionConfigurationPlatforms) = preSolution
		Debug|Any CPU = Debug|Any CPU
		Release|Any CPU = Release|Any CPU
	EndGlobalSection
	GlobalSection(ProjectConfigurationPlatforms) = postSolution
		{86FD9F35-3AED-45DB-A1CE-7E774F9EF9FD}.Debug|Any CPU.ActiveCfg = Debug|Any CPU
		{86FD9F35-3AED-45DB-A1CE-7E774F9EF9FD}.Debug|Any CPU.Build.0 = Debug|Any CPU
		{86FD9F35-3AED-45DB-A1CE-7E774F9EF9FD}.Release|Any CPU.ActiveCfg = Release|Any CPU
		{86FD9F35-3AED-45DB-A1CE-7E774F9EF9FD}.Release|Any CPU.Build.0 = Release|Any CPU
	EndGlobalSection
	GlobalSection(SolutionProperties) = preSolution
		HideSolutionNode = FALSE
	EndGlobalSection
	GlobalSection(ExtensibilityGlobals) = postSolution
		SolutionGuid = {D1CAA858-60D7-49AA-BD41-77B038574DDE}
	EndGlobalSection
EndGlobal
